
Microsoft Visual Studio Solution File, Format Version 12.00
# Visual Studio Version 17
VisualStudioVersion = 17.7.34031.279
MinimumVisualStudioVersion = 10.0.40219.1
Project("{FAE04EC0-301F-11D3-BF4B-00C04F79EFBC}") = "GestorLigaEV2", "GestorLigaEV2\GestorLigaEV2.csproj", "{3767939E-A3E4-41A9-8C6B-C33A5FDF9855}"
EndProject
Global
	GlobalSection(SolutionConfigurationPlatforms) = preSolution
		Debug|Any CPU = Debug|Any CPU
		Release|Any CPU = Release|Any CPU
	EndGlobalSection
	GlobalSection(ProjectConfigurationPlatforms) = postSolution
		{3767939E-A3E4-41A9-8C6B-C33A5FDF9855}.Debug|Any CPU.ActiveCfg = Debug|Any CPU
		{3767939E-A3E4-41A9-8C6B-C33A5FDF9855}.Debug|Any CPU.Build.0 = Debug|Any CPU
		{3767939E-A3E4-41A9-8C6B-C33A5FDF9855}.Release|Any CPU.ActiveCfg = Release|Any CPU
		{3767939E-A3E4-41A9-8C6B-C33A5FDF9855}.Release|Any CPU.Build.0 = Release|Any CPU
	EndGlobalSection
	GlobalSection(SolutionProperties) = preSolution
		HideSolutionNode = FALSE
	EndGlobalSection
	GlobalSection(ExtensibilityGlobals) = postSolution
		SolutionGuid = {4073063A-4110-493F-9DCD-82B82407F989}
	EndGlobalSection
EndGlobal
